{
	"name": "rapid-build-ui",
	"version": "0.1.0",
	"lockfileVersion": 1,
	"requires": true,
	"dependencies": {
		"gridlex": {
			"version": "2.6.1",
			"resolved": "https://registry.npmjs.org/gridlex/-/gridlex-2.6.1.tgz",
			"integrity": "sha512-GaVaIGRZWccbiBrqQmdvAwSA9V2YudlAyI3mSVOuMe+8pez/1aVMWRxwzIFsQOtKdiJ6oFLeiXUY8EwNZHIuAA=="
		}
	}
}
