# THIS IS AN AUTOGENERATED FILE. DO NOT EDIT THIS FILE DIRECTLY.
# yarn lockfile v1


"@rapid-build-ui/form-control@^0.0.9":
  version "0.0.9"
  resolved "https://registry.yarnpkg.com/@rapid-build-ui/form-control/-/form-control-0.0.9.tgz#3bc37fd57ceca1cb563f7f0feaff8b5a9302d0d5"
  integrity sha512-B9g4S0+/5H5aJmQTYF8LnXa7ANvlcEW8d3fgmNJXxrzxoU+bopyOZskNWHRZpsFr5JzlW5QzAUY0pKNvMPUMaQ==
  dependencies:
    "@rapid-build-ui/rb-base" "^0.0.10"

"@rapid-build-ui/rb-alert@^0.0.21":
  version "0.0.21"
  resolved "https://registry.yarnpkg.com/@rapid-build-ui/rb-alert/-/rb-alert-0.0.21.tgz#90991ee4092b3cccee881c29c9c805b03b6d67f2"
  integrity sha512-lKECPJOTK4dYJv2hlACN9qhomPYpAFjc89mU35iurqE1qy6JEVKNnZ3os2Vke9ZbR7sApRPisfMTzjVLVvEicA==
  dependencies:
    "@rapid-build-ui/rb-base" "^0.0.10"
    "@rapid-build-ui/rb-button" "^0.0.17"

"@rapid-build-ui/rb-base@^0.0.10":
  version "0.0.10"
  resolved "https://registry.yarnpkg.com/@rapid-build-ui/rb-base/-/rb-base-0.0.10.tgz#8fc33aa64d07c4766d3f3dee6e5c4f4dc2f52f24"
  integrity sha512-hCF3JpaxRhFxvkl2qLIxAWwv/YYH4RAlIW5nMcT2bZ7N2028RgbZhlCYVubhvu3d1AXWDChbYmWem2xIXGG0lA==
  dependencies:
    lit-html "^1.1.0"
    skatejs "^5.2.4"

"@rapid-build-ui/rb-button@^0.0.17":
  version "0.0.17"
  resolved "https://registry.yarnpkg.com/@rapid-build-ui/rb-button/-/rb-button-0.0.17.tgz#81fdd53ba0b03abe03aa5d250b12635e44ea195e"
  integrity sha512-7/f8Ipm551Lr2Kbwq+Q4TgAvJwyQ35SH2Yaauop3A2pldZbUBNzUGZPp3n34tcNjAAhnhJ38agGdZ+IfHs4FYw==
  dependencies:
    "@rapid-build-ui/rb-base" "^0.0.10"
    "@rapid-build-ui/rb-icon" "^0.0.15"

"@rapid-build-ui/rb-checkbox@^0.0.7":
  version "0.0.7"
  resolved "https://registry.yarnpkg.com/@rapid-build-ui/rb-checkbox/-/rb-checkbox-0.0.7.tgz#73f7549409df469deb4cca732fc09fa7bb0ad6e2"
  integrity sha512-0PXELJcVQUSR1PqEesDSLoOBB8uKrZfXMHedYtiVuxBIrU2JK6vTrZvVuGT9ZvFvNNExWM8/RksgKxEOgKwjwA==
  dependencies:
    "@rapid-build-ui/form-control" "^0.0.9"
    "@rapid-build-ui/rb-base" "^0.0.10"
    "@rapid-build-ui/rb-popover" "^0.0.17"

"@rapid-build-ui/rb-checkboxes@^0.0.5":
  version "0.0.5"
  resolved "https://registry.yarnpkg.com/@rapid-build-ui/rb-checkboxes/-/rb-checkboxes-0.0.5.tgz#214319aba476006348c1cbef31f587af2e1621bb"
  integrity sha512-gby1h3lG8rcaiM0HEECtQi0k3tt1wa9zF7vyGIbjJWpkAxGN+XlWLgf3ZFoC9bzr2rzR9wznkVROhsMnPHMolg==
  dependencies:
    "@rapid-build-ui/form-control" "^0.0.9"
    "@rapid-build-ui/rb-base" "^0.0.10"
    "@rapid-build-ui/rb-checkbox" "^0.0.7"
    "@rapid-build-ui/rb-popover" "^0.0.17"

"@rapid-build-ui/rb-code@^0.0.1":
  version "0.0.1"
  resolved "https://registry.yarnpkg.com/@rapid-build-ui/rb-code/-/rb-code-0.0.1.tgz#f157a7909eb8e0939a7e7808c565bfe3382db40b"
  integrity sha512-Qmr1hSGKkREM3zxbb6vAIpINTmF+/H70bmnDiOfGG76e7hfCgHOupytP8Z/+LUjaqABGT2i5TgpAIz/V5ZkfiA==
  dependencies:
    "@rapid-build-ui/form-control" "^0.0.9"
    "@rapid-build-ui/rb-base" "^0.0.10"
    "@rapid-build-ui/rb-button" "^0.0.17"
    "@rapid-build-ui/rb-icon" "^0.0.15"
    "@rapid-build-ui/rb-popover" "^0.0.17"

"@rapid-build-ui/rb-dropdown@^0.0.4":
  version "0.0.4"
  resolved "https://registry.yarnpkg.com/@rapid-build-ui/rb-dropdown/-/rb-dropdown-0.0.4.tgz#4940eb77e95be7563e1b80e44a00d40b6ebbe29e"
  integrity sha512-naAsaRBY4QmESBkvBEvv3rn4PrW5jWEWiF+R+3BI5eStGy3hYz8UUUj31GPyrQp8Mz0ahrVXMArKpHPhW/zjsg==
  dependencies:
    "@rapid-build-ui/form-control" "^0.0.9"
    "@rapid-build-ui/rb-base" "^0.0.10"
    "@rapid-build-ui/rb-input" "^0.0.16"
    "@rapid-build-ui/rb-popover" "^0.0.17"

"@rapid-build-ui/rb-icon@^0.0.15":
  version "0.0.15"
  resolved "https://registry.yarnpkg.com/@rapid-build-ui/rb-icon/-/rb-icon-0.0.15.tgz#edc5ed76c293c1e7646c4df99f3839fa98accc6e"
  integrity sha512-Case794cBxq0wyDxfHGefIV8VSIReexx1vCdQMetojjmIeIa17YBzE3ThBC7HXN/WCLFA2X03xjCFf0So2BO7A==
  dependencies:
    "@rapid-build-ui/rb-base" "^0.0.10"

"@rapid-build-ui/rb-input@^0.0.16":
  version "0.0.16"
  resolved "https://registry.yarnpkg.com/@rapid-build-ui/rb-input/-/rb-input-0.0.16.tgz#3f19ad9dd2eeeced1aabfc9e50696d267a95b562"
  integrity sha512-xg7nRq+vBnyL+I2ZeJLQYr/YgU5HXAjcrtRPwXDt3eQrKi1GuZg1FL0aEf1N9g1/qKhrjWXuOPSY/NPv+jGntA==
  dependencies:
    "@rapid-build-ui/form-control" "^0.0.9"
    "@rapid-build-ui/rb-base" "^0.0.10"
    "@rapid-build-ui/rb-icon" "^0.0.15"
    "@rapid-build-ui/rb-popover" "^0.0.17"

"@rapid-build-ui/rb-modal@^0.0.9":
  version "0.0.9"
  resolved "https://registry.yarnpkg.com/@rapid-build-ui/rb-modal/-/rb-modal-0.0.9.tgz#8a6df2c0258cde4f5dd4a118635a557c7ef3de47"
  integrity sha512-G4IGCxtncbpiv+WouHkG+2GI33qwNWKfI4m0FXN9QEFS1UTpuUrQZWhCqdEMnbhHZQYXeNbwDv9r/Tq/pk7YSA==
  dependencies:
    "@rapid-build-ui/rb-base" "^0.0.10"
    "@rapid-build-ui/rb-button" "^0.0.17"

"@rapid-build-ui/rb-nav@^0.0.15":
  version "0.0.15"
  resolved "https://registry.yarnpkg.com/@rapid-build-ui/rb-nav/-/rb-nav-0.0.15.tgz#b5a06fe5acfd541f442f95a3d2756a897ae3be78"
  integrity sha512-z8/2515jHr+t9O2g+mXdsgqoSkqfllnnCX7tIz+CwmaCdeVzNc9XMbGVNxXqIujQgtvuGASQdHxKSN8jHt/5EA==
  dependencies:
    "@rapid-build-ui/rb-base" "^0.0.10"

"@rapid-build-ui/rb-popover@^0.0.17":
  version "0.0.17"
  resolved "https://registry.yarnpkg.com/@rapid-build-ui/rb-popover/-/rb-popover-0.0.17.tgz#f36e6f2bc614d1d3ab3803a257f572c443b66479"
  integrity sha512-l6CGC7RrytOhQhE1nsGAM8Zh/Iiq2OdmuZOevIi3Lwn2U2I+VwX+fVwIqByy6KAAkOMsNvRJffbpuABjn9HpZg==
  dependencies:
    "@rapid-build-ui/rb-base" "^0.0.10"
    "@rapid-build-ui/rb-button" "^0.0.17"

"@rapid-build-ui/rb-radios@^0.0.12":
  version "0.0.12"
  resolved "https://registry.yarnpkg.com/@rapid-build-ui/rb-radios/-/rb-radios-0.0.12.tgz#193c54a34d5aeece18dc680a0699b06774be8cb4"
  integrity sha512-L4CQxhtgqFDC8FIlDivTR6RiGhUWeze5hACJSOlzCAHG1atpFtKcJlII9jyziOpjeLZr3bp0CKYRU43Oob2kQg==
  dependencies:
    "@rapid-build-ui/form-control" "^0.0.9"
    "@rapid-build-ui/rb-base" "^0.0.10"
    "@rapid-build-ui/rb-popover" "^0.0.17"

"@rapid-build-ui/rb-table@^0.0.1":
  version "0.0.1"
  resolved "https://registry.yarnpkg.com/@rapid-build-ui/rb-table/-/rb-table-0.0.1.tgz#b98dc9d6f5ba767ddbe38b0c1379e4def99fbc34"
  integrity sha512-QJ5/kw4uDCgq9X7pUUiNkY4tMnhcpkrF8vH4e4fkJWLHrSD/ReM8Us+K4C2dAcSgKD8TPVl4idqCf9ainzbysQ==
  dependencies:
    "@rapid-build-ui/rb-base" "^0.0.10"

"@rapid-build-ui/rb-textarea@^0.0.4":
  version "0.0.4"
  resolved "https://registry.yarnpkg.com/@rapid-build-ui/rb-textarea/-/rb-textarea-0.0.4.tgz#098283c0f13de239373505583b2d99d427aaacf3"
  integrity sha512-6liUXrei7nm+XZ7QZnQ5i/ssb8TmYpXPRT14Usc7f/h5XzJEThvpkIWwgIu5Nb8pBZkswetNm2dY67b83jpRFA==
  dependencies:
    "@rapid-build-ui/form-control" "^0.0.9"
    "@rapid-build-ui/rb-base" "^0.0.10"
    "@rapid-build-ui/rb-popover" "^0.0.17"

"@rapid-build-ui/rb-textcurve@^0.0.2":
  version "0.0.2"
  resolved "https://registry.yarnpkg.com/@rapid-build-ui/rb-textcurve/-/rb-textcurve-0.0.2.tgz#0daa82608a06c514dde0cd0dacbd57a6955ae13d"
  integrity sha512-+fBz2a7ieFW20vMxNrSnFs3IEImANMd2oasZkrlau0WbMGGV27/+a8gUbjk6BSauBj02s0owwfIhk17ApiG5bg==
  dependencies:
    "@rapid-build-ui/rb-base" "^0.0.10"

"@rapid-build-ui/rb-toggle@^0.0.2":
  version "0.0.2"
  resolved "https://registry.yarnpkg.com/@rapid-build-ui/rb-toggle/-/rb-toggle-0.0.2.tgz#d82d3c4d03613cd5ee1ac7df8b9bc3d481b76820"
  integrity sha512-c5rQTaVo57bFi8pPDLAu/nppVZ5HTsP4rW8IhXmhEm32IiymQ63DCVqcL12fKwKhjTZPxBi5NQU88FPlYmnG2A==
  dependencies:
    "@rapid-build-ui/rb-base" "^0.0.10"
    "@rapid-build-ui/rb-button" "^0.0.17"

clipboard@^2.0.0:
  version "2.0.4"
  resolved "https://registry.yarnpkg.com/clipboard/-/clipboard-2.0.4.tgz#836dafd66cf0fea5d71ce5d5b0bf6e958009112d"
  integrity sha512-Vw26VSLRpJfBofiVaFb/I8PVfdI1OxKcYShe6fm0sP/DtmiWQNCjhM/okTvdCo0G+lMMm1rMYbk4IK4x1X+kgQ==
  dependencies:
    good-listener "^1.2.2"
    select "^1.1.2"
    tiny-emitter "^2.0.0"

delegate@^3.1.2:
  version "3.2.0"
  resolved "https://registry.yarnpkg.com/delegate/-/delegate-3.2.0.tgz#b66b71c3158522e8ab5744f720d8ca0c2af59166"
  integrity sha512-IofjkYBZaZivn0V8nnsMJGBr4jVLxHDheKSW88PyxS5QC4Vo9ZbZVvhzlSxY87fVq3STR6r+4cGepyHkcWOQSw==

good-listener@^1.2.2:
  version "1.2.2"
  resolved "https://registry.yarnpkg.com/good-listener/-/good-listener-1.2.2.tgz#d53b30cdf9313dffb7dc9a0d477096aa6d145c50"
  integrity sha1-1TswzfkxPf+33JoNR3CWqm0UXFA=
  dependencies:
    delegate "^3.1.2"

gridlex@2.7.1:
  version "2.7.1"
  resolved "https://registry.yarnpkg.com/gridlex/-/gridlex-2.7.1.tgz#ff562762dc8fc7e59bee2163afaa116859961ef7"
  integrity sha512-LnBGyAzX3GNYG/I7Vp2sQRo8EaI3IzOn8a8j2AjrsZUS0kClKImJAuluwu75H+31/PwWvaBlUGNpd+qDflb/QA==

lit-html@^1.1.0:
  version "1.1.0"
  resolved "https://registry.yarnpkg.com/lit-html/-/lit-html-1.1.0.tgz#6951fb717fb48fe34d915ae163448a04da321562"
  integrity sha512-ZDJHpJi09yknMpjwPI8fuSl5sUG7+pF+eE5WciFtgyX7zebvgMDBgSLq4knXa7grxM00RkQ7PBd7UZQiruA78Q==

ngclipboard@^2.0.0:
  version "2.0.0"
  resolved "https://registry.yarnpkg.com/ngclipboard/-/ngclipboard-2.0.0.tgz#406f6c34d21d78c13faafa7f7df2ae4acd50e75a"
  integrity sha1-QG9sNNIdeME/qvp/ffKuSs1Q51o=
  dependencies:
    clipboard "^2.0.0"

select@^1.1.2:
  version "1.1.2"
  resolved "https://registry.yarnpkg.com/select/-/select-1.1.2.tgz#0e7350acdec80b1108528786ec1d4418d11b396d"
  integrity sha1-DnNQrN7ICxEIUoeG7B1EGNEbOW0=

skatejs@^5.2.4:
  version "5.2.4"
  resolved "https://registry.yarnpkg.com/skatejs/-/skatejs-5.2.4.tgz#945f1451ffb2ed801d19e9baa03f0a259eb84e9e"
  integrity sha512-Ygd4bB6VTiSFeVpry9R/EWej+/PGrYhO1eMMwsxDaBLMkzXfZRm0CHvggb7RAMEr0VCMc5cBt58I6IU0q6GLvw==

tiny-emitter@^2.0.0:
  version "2.1.0"
  resolved "https://registry.yarnpkg.com/tiny-emitter/-/tiny-emitter-2.1.0.tgz#1d1a56edfc51c43e863cbb5382a72330e3555423"
  integrity sha512-NB6Dk1A9xgQPMoGqC5CVXn123gWyte215ONT5Pp5a0yt4nlEoO1ZWeCwpncaekPHXO60i47ihFnZPiRPjRMq4Q==
