# THIS IS AN AUTOGENERATED FILE. DO NOT EDIT THIS FILE DIRECTLY.
# yarn lockfile v1


"@polymer/polymer@^3":
  version "3.0.2"
  resolved "https://registry.yarnpkg.com/@polymer/polymer/-/polymer-3.0.2.tgz#626e6f9fae9716b0962ce0211e21df242153eab2"
  dependencies:
    "@webcomponents/shadycss" "^1.2.0"

"@rapid-build-ui/rb-alert@*":
  version "0.0.7"
  resolved "https://registry.yarnpkg.com/@rapid-build-ui/rb-alert/-/rb-alert-0.0.7.tgz#2b6f1f9a8f435166f4188e21c6553a3c199ab870"
  dependencies:
    "@polymer/polymer" "^3"
    "@rapid-build-ui/rb-icon" "^0.0.2"

"@rapid-build-ui/rb-button@*", "@rapid-build-ui/rb-button@^0.0.2":
  version "0.0.2"
  resolved "https://registry.yarnpkg.com/@rapid-build-ui/rb-button/-/rb-button-0.0.2.tgz#1581a031f5c3f7163680d6a752139acd64b2b2e6"
  dependencies:
    "@polymer/polymer" "^3"
    "@rapid-build-ui/rb-icon" "^0.0.2"

"@rapid-build-ui/rb-icon@*", "@rapid-build-ui/rb-icon@^0.0.2":
  version "0.0.2"
  resolved "https://registry.yarnpkg.com/@rapid-build-ui/rb-icon/-/rb-icon-0.0.2.tgz#4627c86f8838bc006c1cc5a86b24e505c727b36c"
  dependencies:
    "@polymer/polymer" "^3"

"@rapid-build-ui/rb-input@*":
  version "0.0.2"
  resolved "https://registry.yarnpkg.com/@rapid-build-ui/rb-input/-/rb-input-0.0.2.tgz#63713bbec7c168c2a56cf2cf6851af14283aa2b2"
  dependencies:
    "@polymer/polymer" "^3"
    "@rapid-build-ui/rb-icon" "^0.0.2"

"@rapid-build-ui/rb-nav@*":
  version "0.0.2"
  resolved "https://registry.yarnpkg.com/@rapid-build-ui/rb-nav/-/rb-nav-0.0.2.tgz#ce9640efbeab97f14961403dc273833addd6d43e"
  dependencies:
    "@polymer/polymer" "^3"

"@rapid-build-ui/rb-popover@*":
  version "0.0.3"
  resolved "https://registry.yarnpkg.com/@rapid-build-ui/rb-popover/-/rb-popover-0.0.3.tgz#a56a3cae96ed729f943e510316d8ad91a688ebe5"
  dependencies:
    "@polymer/polymer" "^3"
    "@rapid-build-ui/rb-button" "^0.0.2"

"@webcomponents/shadycss@^1.2.0":
  version "1.3.1"
  resolved "https://registry.yarnpkg.com/@webcomponents/shadycss/-/shadycss-1.3.1.tgz#9320a7a86c8abfec97d41a41e82691a0dfc3a13a"

"@webcomponents/webcomponentsjs@^2.0.2":
  version "2.0.2"
  resolved "https://registry.yarnpkg.com/@webcomponents/webcomponentsjs/-/webcomponentsjs-2.0.2.tgz#35272bcedfab0cba6778707e76f0191d12deb9f6"

clipboard@^2.0.0:
  version "2.0.1"
  resolved "https://registry.yarnpkg.com/clipboard/-/clipboard-2.0.1.tgz#a12481e1c13d8a50f5f036b0560fe5d16d74e46a"
  dependencies:
    good-listener "^1.2.2"
    select "^1.1.2"
    tiny-emitter "^2.0.0"

delegate@^3.1.2:
  version "3.2.0"
  resolved "https://registry.yarnpkg.com/delegate/-/delegate-3.2.0.tgz#b66b71c3158522e8ab5744f720d8ca0c2af59166"

good-listener@^1.2.2:
  version "1.2.2"
  resolved "https://registry.yarnpkg.com/good-listener/-/good-listener-1.2.2.tgz#d53b30cdf9313dffb7dc9a0d477096aa6d145c50"
  dependencies:
    delegate "^3.1.2"

gridlex@2.7.1:
  version "2.7.1"
  resolved "https://registry.yarnpkg.com/gridlex/-/gridlex-2.7.1.tgz#ff562762dc8fc7e59bee2163afaa116859961ef7"

ngclipboard@^2.0.0:
  version "2.0.0"
  resolved "https://registry.yarnpkg.com/ngclipboard/-/ngclipboard-2.0.0.tgz#406f6c34d21d78c13faafa7f7df2ae4acd50e75a"
  dependencies:
    clipboard "^2.0.0"

select@^1.1.2:
  version "1.1.2"
  resolved "https://registry.yarnpkg.com/select/-/select-1.1.2.tgz#0e7350acdec80b1108528786ec1d4418d11b396d"

tiny-emitter@^2.0.0:
  version "2.0.2"
  resolved "https://registry.yarnpkg.com/tiny-emitter/-/tiny-emitter-2.0.2.tgz#82d27468aca5ade8e5fd1e6d22b57dd43ebdfb7c"
