# THIS IS AN AUTOGENERATED FILE. DO NOT EDIT THIS FILE DIRECTLY.
# yarn lockfile v1


"@rapid-build-ui/form-control@^0.0.3":
  version "0.0.3"
  resolved "https://registry.yarnpkg.com/@rapid-build-ui/form-control/-/form-control-0.0.3.tgz#78ca981f5ae20bb8a07d74efe73b148cdf257c8f"
  dependencies:
    "@rapid-build-ui/rb-base" "^0.0.4"

"@rapid-build-ui/rb-alert@^0.0.15":
  version "0.0.15"
  resolved "https://registry.yarnpkg.com/@rapid-build-ui/rb-alert/-/rb-alert-0.0.15.tgz#c7bce7a633735c31825ad821256174ae02ec1ee0"
  dependencies:
    "@rapid-build-ui/rb-base" "^0.0.4"
    "@rapid-build-ui/rb-button" "^0.0.11"

"@rapid-build-ui/rb-base@^0.0.4":
  version "0.0.4"
  resolved "https://registry.yarnpkg.com/@rapid-build-ui/rb-base/-/rb-base-0.0.4.tgz#7461055bdb1135dfb6652ccea08eb42b1b55a45d"
  dependencies:
    lit-html "^0.11.4"
    skatejs "^5.2.4"

"@rapid-build-ui/rb-button@^0.0.11":
  version "0.0.11"
  resolved "https://registry.yarnpkg.com/@rapid-build-ui/rb-button/-/rb-button-0.0.11.tgz#c560d41639d04ce3072c0a525e363fc73ab2435c"
  dependencies:
    "@rapid-build-ui/rb-base" "^0.0.4"
    "@rapid-build-ui/rb-icon" "^0.0.9"

"@rapid-build-ui/rb-icon@^0.0.9":
  version "0.0.9"
  resolved "https://registry.yarnpkg.com/@rapid-build-ui/rb-icon/-/rb-icon-0.0.9.tgz#6fb9a3750890930c5380089bdbac91ef3d6b899e"
  dependencies:
    "@rapid-build-ui/rb-base" "^0.0.4"

"@rapid-build-ui/rb-input@^0.0.10":
  version "0.0.10"
  resolved "https://registry.yarnpkg.com/@rapid-build-ui/rb-input/-/rb-input-0.0.10.tgz#5f560619073a1644f36907af33af3d05913138a7"
  dependencies:
    "@rapid-build-ui/form-control" "^0.0.3"
    "@rapid-build-ui/rb-base" "^0.0.4"
    "@rapid-build-ui/rb-icon" "^0.0.9"

"@rapid-build-ui/rb-modal@^0.0.3":
  version "0.0.3"
  resolved "https://registry.yarnpkg.com/@rapid-build-ui/rb-modal/-/rb-modal-0.0.3.tgz#7a13d72168f03d9d0e0e0046ea33619ed50c98a6"
  dependencies:
    "@rapid-build-ui/rb-base" "^0.0.4"
    "@rapid-build-ui/rb-button" "^0.0.11"

"@rapid-build-ui/rb-nav@^0.0.9":
  version "0.0.9"
  resolved "https://registry.yarnpkg.com/@rapid-build-ui/rb-nav/-/rb-nav-0.0.9.tgz#5edbc41831659485f64bdaa84a3d52056f2403e9"
  dependencies:
    "@rapid-build-ui/rb-base" "^0.0.4"

"@rapid-build-ui/rb-popover@^0.0.11":
  version "0.0.11"
  resolved "https://registry.yarnpkg.com/@rapid-build-ui/rb-popover/-/rb-popover-0.0.11.tgz#7883f62e967f1f8c4a3ec4ae8fa9123f1ca62180"
  dependencies:
    "@rapid-build-ui/rb-base" "^0.0.4"
    "@rapid-build-ui/rb-button" "^0.0.11"

"@rapid-build-ui/rb-radios@~0.0.6":
  version "0.0.6"
  resolved "https://registry.yarnpkg.com/@rapid-build-ui/rb-radios/-/rb-radios-0.0.6.tgz#03948103f65117bd9538d815b0be2b38b9272ce1"
  dependencies:
    "@rapid-build-ui/form-control" "^0.0.3"
    "@rapid-build-ui/rb-base" "^0.0.4"

clipboard@^2.0.0:
  version "2.0.1"
  resolved "https://registry.yarnpkg.com/clipboard/-/clipboard-2.0.1.tgz#a12481e1c13d8a50f5f036b0560fe5d16d74e46a"
  dependencies:
    good-listener "^1.2.2"
    select "^1.1.2"
    tiny-emitter "^2.0.0"

delegate@^3.1.2:
  version "3.2.0"
  resolved "https://registry.yarnpkg.com/delegate/-/delegate-3.2.0.tgz#b66b71c3158522e8ab5744f720d8ca0c2af59166"

good-listener@^1.2.2:
  version "1.2.2"
  resolved "https://registry.yarnpkg.com/good-listener/-/good-listener-1.2.2.tgz#d53b30cdf9313dffb7dc9a0d477096aa6d145c50"
  dependencies:
    delegate "^3.1.2"

gridlex@2.7.1:
  version "2.7.1"
  resolved "https://registry.yarnpkg.com/gridlex/-/gridlex-2.7.1.tgz#ff562762dc8fc7e59bee2163afaa116859961ef7"

lit-html@^0.11.4:
  version "0.11.4"
  resolved "https://registry.yarnpkg.com/lit-html/-/lit-html-0.11.4.tgz#fa397d2b2f2d0523ebc136e5a1699aa4e9346152"

ngclipboard@^2.0.0:
  version "2.0.0"
  resolved "https://registry.yarnpkg.com/ngclipboard/-/ngclipboard-2.0.0.tgz#406f6c34d21d78c13faafa7f7df2ae4acd50e75a"
  dependencies:
    clipboard "^2.0.0"

select@^1.1.2:
  version "1.1.2"
  resolved "https://registry.yarnpkg.com/select/-/select-1.1.2.tgz#0e7350acdec80b1108528786ec1d4418d11b396d"

skatejs@^5.2.4:
  version "5.2.4"
  resolved "https://registry.yarnpkg.com/skatejs/-/skatejs-5.2.4.tgz#945f1451ffb2ed801d19e9baa03f0a259eb84e9e"

tiny-emitter@^2.0.0:
  version "2.0.2"
  resolved "https://registry.yarnpkg.com/tiny-emitter/-/tiny-emitter-2.0.2.tgz#82d27468aca5ade8e5fd1e6d22b57dd43ebdfb7c"
